Microsoft Visual Studio Solution File, Format Version 12.00
# Visual Studio Version 17
VisualStudioVersion = 17.0.31903.59
MinimumVisualStudioVersion = 10.0.40219.1
Project("{FAE04EC0-301F-11D3-BF4B-00C04F79EFBC}") = "Jellyfin.Plugin.JwOrg", "src\Jellyfin.Plugin.JwOrg\Jellyfin.Plugin.JwOrg.csproj", "{0F1A6A23-B813-40C0-B344-E45B9E4E1298}"
EndProject
Project("{FAE04EC0-301F-11D3-BF4B-00C04F79EFBC}") = "Jellyfin.Plugin.JwOrg.Tests", "tests\Jellyfin.Plugin.JwOrg.Tests\Jellyfin.Plugin.JwOrg.Tests.csproj", "{95BEFE3A-A46A-431F-AD2D-B62940F1908B}"
EndProject
Global
	GlobalSection(SolutionConfigurationPlatforms) = preSolution
		Debug|Any CPU = Debug|Any CPU
		Release|Any CPU = Release|Any CPU
	EndGlobalSection
	GlobalSection(ProjectConfigurationPlatforms) = postSolution
		{0F1A6A23-B813-40C0-B344-E45B9E4E1298}.Debug|Any CPU.ActiveCfg = Debug|Any CPU
		{0F1A6A23-B813-40C0-B344-E45B9E4E1298}.Debug|Any CPU.Build.0 = Debug|Any CPU
		{0F1A6A23-B813-40C0-B344-E45B9E4E1298}.Release|Any CPU.ActiveCfg = Release|Any CPU
		{0F1A6A23-B813-40C0-B344-E45B9E4E1298}.Release|Any CPU.Build.0 = Release|Any CPU
		{95BEFE3A-A46A-431F-AD2D-B62940F1908B}.Debug|Any CPU.ActiveCfg = Debug|Any CPU
		{95BEFE3A-A46A-431F-AD2D-B62940F1908B}.Debug|Any CPU.Build.0 = Debug|Any CPU
		{95BEFE3A-A46A-431F-AD2D-B62940F1908B}.Release|Any CPU.ActiveCfg = Release|Any CPU
		{95BEFE3A-A46A-431F-AD2D-B62940F1908B}.Release|Any CPU.Build.0 = Release|Any CPU
	EndGlobalSection
EndGlobal
